
Microsoft Visual Studio Solution File, Format Version 12.00
# Visual Studio Version 17
VisualStudioVersion = 17.14.36414.22 d17.14
MinimumVisualStudioVersion = 10.0.40219.1
Project("{2150E333-8FDC-42A3-9474-1A3956D46DE8}") = "Task0", "Task0", "{02EA681E-C7D8-13C7-8484-4AC65E1B71E8}"
EndProject
Project("{FAE04EC0-301F-11D3-BF4B-00C04F79EFBC}") = "Tyuiu.MolokanovNK.Sprint5.Task0.V18", "Tyuiu.MolokanovNK.Sprint5.Task0.V18\Tyuiu.MolokanovNK.Sprint5.Task0.V18.csproj", "{D8B6702A-D39E-48E0-90DF-DB13D41FCFE5}"
EndProject
Project("{FAE04EC0-301F-11D3-BF4B-00C04F79EFBC}") = "Tyuiu.MolokanovNK.Sprint5.Task0.V18.Lib", "Tyuiu.MolokanovNK.Sprint5.Task0.V18.Lib\Tyuiu.MolokanovNK.Sprint5.Task0.V18.Lib.csproj", "{FACF8830-8C63-4E8C-BCAB-5DC1E3230F16}"
EndProject
Project("{FAE04EC0-301F-11D3-BF4B-00C04F79EFBC}") = "Tyuiu.MolokanovNK.Sprint5.Task0.V18.Test", "Tyuiu.MolokanovNK.Sprint5.Task0.V18.Test\Tyuiu.MolokanovNK.Sprint5.Task0.V18.Test.csproj", "{27C6F991-3C24-41E2-ADB1-6F66AE8AAD5F}"
EndProject
Global
	GlobalSection(SolutionConfigurationPlatforms) = preSolution
		Debug|Any CPU = Debug|Any CPU
		Release|Any CPU = Release|Any CPU
	EndGlobalSection
	GlobalSection(ProjectConfigurationPlatforms) = postSolution
		{D8B6702A-D39E-48E0-90DF-DB13D41FCFE5}.Debug|Any CPU.ActiveCfg = Debug|Any CPU
		{D8B6702A-D39E-48E0-90DF-DB13D41FCFE5}.Debug|Any CPU.Build.0 = Debug|Any CPU
		{D8B6702A-D39E-48E0-90DF-DB13D41FCFE5}.Release|Any CPU.ActiveCfg = Release|Any CPU
		{D8B6702A-D39E-48E0-90DF-DB13D41FCFE5}.Release|Any CPU.Build.0 = Release|Any CPU
		{FACF8830-8C63-4E8C-BCAB-5DC1E3230F16}.Debug|Any CPU.ActiveCfg = Debug|Any CPU
		{FACF8830-8C63-4E8C-BCAB-5DC1E3230F16}.Debug|Any CPU.Build.0 = Debug|Any CPU
		{FACF8830-8C63-4E8C-BCAB-5DC1E3230F16}.Release|Any CPU.ActiveCfg = Release|Any CPU
		{FACF8830-8C63-4E8C-BCAB-5DC1E3230F16}.Release|Any CPU.Build.0 = Release|Any CPU
		{27C6F991-3C24-41E2-ADB1-6F66AE8AAD5F}.Debug|Any CPU.ActiveCfg = Debug|Any CPU
		{27C6F991-3C24-41E2-ADB1-6F66AE8AAD5F}.Debug|Any CPU.Build.0 = Debug|Any CPU
		{27C6F991-3C24-41E2-ADB1-6F66AE8AAD5F}.Release|Any CPU.ActiveCfg = Release|Any CPU
		{27C6F991-3C24-41E2-ADB1-6F66AE8AAD5F}.Release|Any CPU.Build.0 = Release|Any CPU
	EndGlobalSection
	GlobalSection(SolutionProperties) = preSolution
		HideSolutionNode = FALSE
	EndGlobalSection
	GlobalSection(NestedProjects) = preSolution
		{D8B6702A-D39E-48E0-90DF-DB13D41FCFE5} = {02EA681E-C7D8-13C7-8484-4AC65E1B71E8}
		{FACF8830-8C63-4E8C-BCAB-5DC1E3230F16} = {02EA681E-C7D8-13C7-8484-4AC65E1B71E8}
		{27C6F991-3C24-41E2-ADB1-6F66AE8AAD5F} = {02EA681E-C7D8-13C7-8484-4AC65E1B71E8}
	EndGlobalSection
	GlobalSection(ExtensibilityGlobals) = postSolution
		SolutionGuid = {D7365446-06AE-41EC-9A7E-6182ED87F7DA}
	EndGlobalSection
EndGlobal
