
Microsoft Visual Studio Solution File, Format Version 12.00
# Visual Studio Version 17
VisualStudioVersion = 17.14.36414.22
MinimumVisualStudioVersion = 10.0.40219.1
Project("{2150E333-8FDC-42A3-9474-1A3956D46DE8}") = "Task0", "Task0", "{02EA681E-C7D8-13C7-8484-4AC65E1B71E8}"
EndProject
Project("{FAE04EC0-301F-11D3-BF4B-00C04F79EFBC}") = "Tyuiu.MolokanovNK.Sprint5.Task0.V18", "Tyuiu.MolokanovNK.Sprint5.Task0.V18\Tyuiu.MolokanovNK.Sprint5.Task0.V18.csproj", "{D8B6702A-D39E-48E0-90DF-DB13D41FCFE5}"
EndProject
Project("{FAE04EC0-301F-11D3-BF4B-00C04F79EFBC}") = "Tyuiu.MolokanovNK.Sprint5.Task0.V18.Lib", "Tyuiu.MolokanovNK.Sprint5.Task0.V18.Lib\Tyuiu.MolokanovNK.Sprint5.Task0.V18.Lib.csproj", "{FACF8830-8C63-4E8C-BCAB-5DC1E3230F16}"
EndProject
Project("{FAE04EC0-301F-11D3-BF4B-00C04F79EFBC}") = "Tyuiu.MolokanovNK.Sprint5.Task0.V18.Test", "Tyuiu.MolokanovNK.Sprint5.Task0.V18.Test\Tyuiu.MolokanovNK.Sprint5.Task0.V18.Test.csproj", "{27C6F991-3C24-41E2-ADB1-6F66AE8AAD5F}"
EndProject
Project("{FAE04EC0-301F-11D3-BF4B-00C04F79EFBC}") = "Tyuiu.MolokanovNK.Sprint5.Task1.V15", "Tyuiu.MolokanovNK.Sprint5.Task1.V15\Tyuiu.MolokanovNK.Sprint5.Task1.V15.csproj", "{A217CA50-F904-459D-A7B6-411A144910D6}"
EndProject
Project("{2150E333-8FDC-42A3-9474-1A3956D46DE8}") = "Task1", "Task1", "{64800A56-59DA-4EC7-A1BF-C2B74A88200B}"
EndProject
Project("{FAE04EC0-301F-11D3-BF4B-00C04F79EFBC}") = "Tyuiu.MolokanovNK.Sprint5.Task1.V15.Lib", "Tyuiu.MolokanovNK.Sprint5.Task1.V15.Lib\Tyuiu.MolokanovNK.Sprint5.Task1.V15.Lib.csproj", "{2DFD9AAC-0616-4360-9AC0-A10252703F32}"
EndProject
Project("{FAE04EC0-301F-11D3-BF4B-00C04F79EFBC}") = "Tyuiu.MolokanovNK.Sprint5.Task1.V15.Test", "Tyuiu.MolokanovNK.Sprint5.Task1.V15.Test\Tyuiu.MolokanovNK.Sprint5.Task1.V15.Test.csproj", "{7ED3F0B1-5538-43C2-9099-5E742DBA1748}"
EndProject
Project("{2150E333-8FDC-42A3-9474-1A3956D46DE8}") = "Task2", "Task2", "{A899ED78-AEE4-4463-8CF7-659B744D6021}"
EndProject
Project("{FAE04EC0-301F-11D3-BF4B-00C04F79EFBC}") = "Tyuiu.MolokanovNK.Sprint5.Task2.V4", "Tyuiu.MolokanovNK.Sprint5.Task2.V4\Tyuiu.MolokanovNK.Sprint5.Task2.V4.csproj", "{0E91BF80-5FB5-4393-8199-EDC8CF48A907}"
EndProject
Project("{FAE04EC0-301F-11D3-BF4B-00C04F79EFBC}") = "Tyuiu.MolokanovNK.Sprint5.Task2.V4.Lib", "Tyuiu.MolokanovNK.Sprint5.Task2.V4.Lib\Tyuiu.MolokanovNK.Sprint5.Task2.V4.Lib.csproj", "{ADF7554C-BB80-4779-90EC-6CF5EF3A0119}"
EndProject
Project("{FAE04EC0-301F-11D3-BF4B-00C04F79EFBC}") = "Tyuiu.MolokanovNK.Sprint5.Task2.V4.Test", "Tyuiu.MolokanovNK.Sprint5.Task2.V4.Test\Tyuiu.MolokanovNK.Sprint5.Task2.V4.Test.csproj", "{0F83D016-4F6E-4384-B688-DE14EFD61B33}"
EndProject
Project("{2150E333-8FDC-42A3-9474-1A3956D46DE8}") = "Task3", "Task3", "{2AE70CBB-8238-43B2-865D-F47670BB0857}"
EndProject
Project("{FAE04EC0-301F-11D3-BF4B-00C04F79EFBC}") = "Tyuiu.MolokanovNK.Sprint5.Task3.V7", "Tyuiu.MolokanovNK.Sprint5.Task3.V7\Tyuiu.MolokanovNK.Sprint5.Task3.V7.csproj", "{EDCCCEBB-1A48-41FD-AEB2-5D963631831C}"
EndProject
Project("{FAE04EC0-301F-11D3-BF4B-00C04F79EFBC}") = "Tyuiu.MolokanovNK.Sprint5.Task3.V7.Lib", "Tyuiu.MolokanovNK.Sprint5.Task3.V7.Lib\Tyuiu.MolokanovNK.Sprint5.Task3.V7.Lib.csproj", "{B008A671-E480-4401-AF82-D63A600BA670}"
EndProject
Project("{FAE04EC0-301F-11D3-BF4B-00C04F79EFBC}") = "Tyuiu.MolokanovNK.Sprint5.Task3.V7.Test", "Tyuiu.MolokanovNK.Sprint5.Task3.V7.Test\Tyuiu.MolokanovNK.Sprint5.Task3.V7.Test.csproj", "{E598788F-1BB6-4581-87E9-8498FD7CCCC7}"
EndProject
Project("{2150E333-8FDC-42A3-9474-1A3956D46DE8}") = "Task4", "Task4", "{B91D030D-194F-420F-8285-D77F9A794B1C}"
EndProject
Project("{FAE04EC0-301F-11D3-BF4B-00C04F79EFBC}") = "Tyuiu.MolokanovNK.Sprint5.Task4.V17", "Tyuiu.MolokanovNK.Sprint5.Task4.V17\Tyuiu.MolokanovNK.Sprint5.Task4.V17.csproj", "{41E31123-6E32-4347-908C-A00FF8E820F6}"
EndProject
Project("{FAE04EC0-301F-11D3-BF4B-00C04F79EFBC}") = "Tyuiu.MolokanovNK.Sprint5.Task4.V17.Lib", "Tyuiu.MolokanovNK.Sprint5.Task4.V17.Lib\Tyuiu.MolokanovNK.Sprint5.Task4.V17.Lib.csproj", "{5708A72D-5587-4182-AE47-06929355ACD3}"
EndProject
Project("{FAE04EC0-301F-11D3-BF4B-00C04F79EFBC}") = "Tyuiu.MolokanovNK.Sprint5.Task4.V17.Test", "Tyuiu.MolokanovNK.Sprint5.Task4.V17.Test\Tyuiu.MolokanovNK.Sprint5.Task4.V17.Test.csproj", "{96AF7D14-DF5C-4D4E-917D-BE79D558C50B}"
EndProject
Project("{2150E333-8FDC-42A3-9474-1A3956D46DE8}") = "Task5", "Task5", "{BBA4506E-A6F8-467F-9922-CC38F015E90D}"
EndProject
Project("{FAE04EC0-301F-11D3-BF4B-00C04F79EFBC}") = "Tyuiu.MolokanovNK.Sprint5.Task5.V4", "Tyuiu.MolokanovNK.Sprint5.Task5.V4\Tyuiu.MolokanovNK.Sprint5.Task5.V4.csproj", "{E42D7366-AD38-42EA-AF09-8EB46B80C8D4}"
EndProject
Project("{FAE04EC0-301F-11D3-BF4B-00C04F79EFBC}") = "Tyuiu.MolokanovNK.Sprint5.Task5.V4.Lib", "Tyuiu.MolokanovNK.Sprint5.Task5.V4.Lib\Tyuiu.MolokanovNK.Sprint5.Task5.V4.Lib.csproj", "{8EDB3791-5984-4E5D-A292-DB02EF29100E}"
EndProject
Project("{FAE04EC0-301F-11D3-BF4B-00C04F79EFBC}") = "Tyuiu.MolokanovNK.Sprint5.Task5.V4.Test", "Tyuiu.MolokanovNK.Sprint5.Task5.V4.Test\Tyuiu.MolokanovNK.Sprint5.Task5.V4.Test.csproj", "{406E017A-EE90-4E9C-8FBA-ED4390F0B757}"
EndProject
Project("{2150E333-8FDC-42A3-9474-1A3956D46DE8}") = "Task6", "Task6", "{C4CA9F1F-92B0-40DB-AA02-7C503A4AC739}"
EndProject
Project("{FAE04EC0-301F-11D3-BF4B-00C04F79EFBC}") = "Tyuiu.MolokanovNK.Sprint5.Task6.V24", "Tyuiu.MolokanovNK.Sprint5.Task6.V24\Tyuiu.MolokanovNK.Sprint5.Task6.V24.csproj", "{0AC8812F-060F-4618-9CC4-C595DAE68629}"
EndProject
Project("{FAE04EC0-301F-11D3-BF4B-00C04F79EFBC}") = "Tyuiu.MolokanovNK.Sprint5.Task6.V24.Lib", "Tyuiu.MolokanovNK.Sprint5.Task6.V24.Lib\Tyuiu.MolokanovNK.Sprint5.Task6.V24.Lib.csproj", "{80ABDF90-D0E5-4C95-82A2-27C3C28C9BC9}"
EndProject
Project("{FAE04EC0-301F-11D3-BF4B-00C04F79EFBC}") = "Tyuiu.MolokanovNK.Sprint5.Task6.V24.Test", "Tyuiu.MolokanovNK.Sprint5.Task6.V24.Test\Tyuiu.MolokanovNK.Sprint5.Task6.V24.Test.csproj", "{1A7E9568-1014-49C5-ACE8-1A9A854D71DA}"
EndProject
Project("{2150E333-8FDC-42A3-9474-1A3956D46DE8}") = "Task7", "Task7", "{8974D72A-7786-4185-B07F-40A7EFEB8509}"
EndProject
Project("{FAE04EC0-301F-11D3-BF4B-00C04F79EFBC}") = "Tyuiu.MolokanovNK.Sprint5.Task7.V17", "Tyuiu.MolokanovNK.Sprint5.Task7.V17\Tyuiu.MolokanovNK.Sprint5.Task7.V17.csproj", "{DE0C8B27-F0DD-42E7-AD14-1B86588EEA83}"
EndProject
Project("{FAE04EC0-301F-11D3-BF4B-00C04F79EFBC}") = "Tyuiu.MolokanovNK.Sprint5.Task7.V17.Lib", "Tyuiu.MolokanovNK.Sprint5.Task7.V17.Lib\Tyuiu.MolokanovNK.Sprint5.Task7.V17.Lib.csproj", "{1AE993F9-CFD3-4EE4-8D58-E497C673B4BD}"
EndProject
Project("{FAE04EC0-301F-11D3-BF4B-00C04F79EFBC}") = "Tyuiu.MolokanovNK.Sprint5.Task7.V17.Test", "Tyuiu.MolokanovNK.Sprint5.Task7.V17.Test\Tyuiu.MolokanovNK.Sprint5.Task7.V17.Test.csproj", "{132FCAB0-E8A4-4E68-B550-2BBA6A80A12F}"
EndProject
Global
	GlobalSection(SolutionConfigurationPlatforms) = preSolution
		Debug|Any CPU = Debug|Any CPU
		Release|Any CPU = Release|Any CPU
	EndGlobalSection
	GlobalSection(ProjectConfigurationPlatforms) = postSolution
		{D8B6702A-D39E-48E0-90DF-DB13D41FCFE5}.Debug|Any CPU.ActiveCfg = Debug|Any CPU
		{D8B6702A-D39E-48E0-90DF-DB13D41FCFE5}.Debug|Any CPU.Build.0 = Debug|Any CPU
		{D8B6702A-D39E-48E0-90DF-DB13D41FCFE5}.Release|Any CPU.ActiveCfg = Release|Any CPU
		{D8B6702A-D39E-48E0-90DF-DB13D41FCFE5}.Release|Any CPU.Build.0 = Release|Any CPU
		{FACF8830-8C63-4E8C-BCAB-5DC1E3230F16}.Debug|Any CPU.ActiveCfg = Debug|Any CPU
		{FACF8830-8C63-4E8C-BCAB-5DC1E3230F16}.Debug|Any CPU.Build.0 = Debug|Any CPU
		{FACF8830-8C63-4E8C-BCAB-5DC1E3230F16}.Release|Any CPU.ActiveCfg = Release|Any CPU
		{FACF8830-8C63-4E8C-BCAB-5DC1E3230F16}.Release|Any CPU.Build.0 = Release|Any CPU
		{27C6F991-3C24-41E2-ADB1-6F66AE8AAD5F}.Debug|Any CPU.ActiveCfg = Debug|Any CPU
		{27C6F991-3C24-41E2-ADB1-6F66AE8AAD5F}.Debug|Any CPU.Build.0 = Debug|Any CPU
		{27C6F991-3C24-41E2-ADB1-6F66AE8AAD5F}.Release|Any CPU.ActiveCfg = Release|Any CPU
		{27C6F991-3C24-41E2-ADB1-6F66AE8AAD5F}.Release|Any CPU.Build.0 = Release|Any CPU
		{A217CA50-F904-459D-A7B6-411A144910D6}.Debug|Any CPU.ActiveCfg = Debug|Any CPU
		{A217CA50-F904-459D-A7B6-411A144910D6}.Debug|Any CPU.Build.0 = Debug|Any CPU
		{A217CA50-F904-459D-A7B6-411A144910D6}.Release|Any CPU.ActiveCfg = Release|Any CPU
		{A217CA50-F904-459D-A7B6-411A144910D6}.Release|Any CPU.Build.0 = Release|Any CPU
		{2DFD9AAC-0616-4360-9AC0-A10252703F32}.Debug|Any CPU.ActiveCfg = Debug|Any CPU
		{2DFD9AAC-0616-4360-9AC0-A10252703F32}.Debug|Any CPU.Build.0 = Debug|Any CPU
		{2DFD9AAC-0616-4360-9AC0-A10252703F32}.Release|Any CPU.ActiveCfg = Release|Any CPU
		{2DFD9AAC-0616-4360-9AC0-A10252703F32}.Release|Any CPU.Build.0 = Release|Any CPU
		{7ED3F0B1-5538-43C2-9099-5E742DBA1748}.Debug|Any CPU.ActiveCfg = Debug|Any CPU
		{7ED3F0B1-5538-43C2-9099-5E742DBA1748}.Debug|Any CPU.Build.0 = Debug|Any CPU
		{7ED3F0B1-5538-43C2-9099-5E742DBA1748}.Release|Any CPU.ActiveCfg = Release|Any CPU
		{7ED3F0B1-5538-43C2-9099-5E742DBA1748}.Release|Any CPU.Build.0 = Release|Any CPU
		{0E91BF80-5FB5-4393-8199-EDC8CF48A907}.Debug|Any CPU.ActiveCfg = Debug|Any CPU
		{0E91BF80-5FB5-4393-8199-EDC8CF48A907}.Debug|Any CPU.Build.0 = Debug|Any CPU
		{0E91BF80-5FB5-4393-8199-EDC8CF48A907}.Release|Any CPU.ActiveCfg = Release|Any CPU
		{0E91BF80-5FB5-4393-8199-EDC8CF48A907}.Release|Any CPU.Build.0 = Release|Any CPU
		{ADF7554C-BB80-4779-90EC-6CF5EF3A0119}.Debug|Any CPU.ActiveCfg = Debug|Any CPU
		{ADF7554C-BB80-4779-90EC-6CF5EF3A0119}.Debug|Any CPU.Build.0 = Debug|Any CPU
		{ADF7554C-BB80-4779-90EC-6CF5EF3A0119}.Release|Any CPU.ActiveCfg = Release|Any CPU
		{ADF7554C-BB80-4779-90EC-6CF5EF3A0119}.Release|Any CPU.Build.0 = Release|Any CPU
		{0F83D016-4F6E-4384-B688-DE14EFD61B33}.Debug|Any CPU.ActiveCfg = Debug|Any CPU
		{0F83D016-4F6E-4384-B688-DE14EFD61B33}.Debug|Any CPU.Build.0 = Debug|Any CPU
		{0F83D016-4F6E-4384-B688-DE14EFD61B33}.Release|Any CPU.ActiveCfg = Release|Any CPU
		{0F83D016-4F6E-4384-B688-DE14EFD61B33}.Release|Any CPU.Build.0 = Release|Any CPU
		{EDCCCEBB-1A48-41FD-AEB2-5D963631831C}.Debug|Any CPU.ActiveCfg = Debug|Any CPU
		{EDCCCEBB-1A48-41FD-AEB2-5D963631831C}.Debug|Any CPU.Build.0 = Debug|Any CPU
		{EDCCCEBB-1A48-41FD-AEB2-5D963631831C}.Release|Any CPU.ActiveCfg = Release|Any CPU
		{EDCCCEBB-1A48-41FD-AEB2-5D963631831C}.Release|Any CPU.Build.0 = Release|Any CPU
		{B008A671-E480-4401-AF82-D63A600BA670}.Debug|Any CPU.ActiveCfg = Debug|Any CPU
		{B008A671-E480-4401-AF82-D63A600BA670}.Debug|Any CPU.Build.0 = Debug|Any CPU
		{B008A671-E480-4401-AF82-D63A600BA670}.Release|Any CPU.ActiveCfg = Release|Any CPU
		{B008A671-E480-4401-AF82-D63A600BA670}.Release|Any CPU.Build.0 = Release|Any CPU
		{E598788F-1BB6-4581-87E9-8498FD7CCCC7}.Debug|Any CPU.ActiveCfg = Debug|Any CPU
		{E598788F-1BB6-4581-87E9-8498FD7CCCC7}.Debug|Any CPU.Build.0 = Debug|Any CPU
		{E598788F-1BB6-4581-87E9-8498FD7CCCC7}.Release|Any CPU.ActiveCfg = Release|Any CPU
		{E598788F-1BB6-4581-87E9-8498FD7CCCC7}.Release|Any CPU.Build.0 = Release|Any CPU
		{41E31123-6E32-4347-908C-A00FF8E820F6}.Debug|Any CPU.ActiveCfg = Debug|Any CPU
		{41E31123-6E32-4347-908C-A00FF8E820F6}.Debug|Any CPU.Build.0 = Debug|Any CPU
		{41E31123-6E32-4347-908C-A00FF8E820F6}.Release|Any CPU.ActiveCfg = Release|Any CPU
		{41E31123-6E32-4347-908C-A00FF8E820F6}.Release|Any CPU.Build.0 = Release|Any CPU
		{5708A72D-5587-4182-AE47-06929355ACD3}.Debug|Any CPU.ActiveCfg = Debug|Any CPU
		{5708A72D-5587-4182-AE47-06929355ACD3}.Debug|Any CPU.Build.0 = Debug|Any CPU
		{5708A72D-5587-4182-AE47-06929355ACD3}.Release|Any CPU.ActiveCfg = Release|Any CPU
		{5708A72D-5587-4182-AE47-06929355ACD3}.Release|Any CPU.Build.0 = Release|Any CPU
		{96AF7D14-DF5C-4D4E-917D-BE79D558C50B}.Debug|Any CPU.ActiveCfg = Debug|Any CPU
		{96AF7D14-DF5C-4D4E-917D-BE79D558C50B}.Debug|Any CPU.Build.0 = Debug|Any CPU
		{96AF7D14-DF5C-4D4E-917D-BE79D558C50B}.Release|Any CPU.ActiveCfg = Release|Any CPU
		{96AF7D14-DF5C-4D4E-917D-BE79D558C50B}.Release|Any CPU.Build.0 = Release|Any CPU
		{E42D7366-AD38-42EA-AF09-8EB46B80C8D4}.Debug|Any CPU.ActiveCfg = Debug|Any CPU
		{E42D7366-AD38-42EA-AF09-8EB46B80C8D4}.Debug|Any CPU.Build.0 = Debug|Any CPU
		{E42D7366-AD38-42EA-AF09-8EB46B80C8D4}.Release|Any CPU.ActiveCfg = Release|Any CPU
		{E42D7366-AD38-42EA-AF09-8EB46B80C8D4}.Release|Any CPU.Build.0 = Release|Any CPU
		{8EDB3791-5984-4E5D-A292-DB02EF29100E}.Debug|Any CPU.ActiveCfg = Debug|Any CPU
		{8EDB3791-5984-4E5D-A292-DB02EF29100E}.Debug|Any CPU.Build.0 = Debug|Any CPU
		{8EDB3791-5984-4E5D-A292-DB02EF29100E}.Release|Any CPU.ActiveCfg = Release|Any CPU
		{8EDB3791-5984-4E5D-A292-DB02EF29100E}.Release|Any CPU.Build.0 = Release|Any CPU
		{406E017A-EE90-4E9C-8FBA-ED4390F0B757}.Debug|Any CPU.ActiveCfg = Debug|Any CPU
		{406E017A-EE90-4E9C-8FBA-ED4390F0B757}.Debug|Any CPU.Build.0 = Debug|Any CPU
		{406E017A-EE90-4E9C-8FBA-ED4390F0B757}.Release|Any CPU.ActiveCfg = Release|Any CPU
		{406E017A-EE90-4E9C-8FBA-ED4390F0B757}.Release|Any CPU.Build.0 = Release|Any CPU
		{0AC8812F-060F-4618-9CC4-C595DAE68629}.Debug|Any CPU.ActiveCfg = Debug|Any CPU
		{0AC8812F-060F-4618-9CC4-C595DAE68629}.Debug|Any CPU.Build.0 = Debug|Any CPU
		{0AC8812F-060F-4618-9CC4-C595DAE68629}.Release|Any CPU.ActiveCfg = Release|Any CPU
		{0AC8812F-060F-4618-9CC4-C595DAE68629}.Release|Any CPU.Build.0 = Release|Any CPU
		{80ABDF90-D0E5-4C95-82A2-27C3C28C9BC9}.Debug|Any CPU.ActiveCfg = Debug|Any CPU
		{80ABDF90-D0E5-4C95-82A2-27C3C28C9BC9}.Debug|Any CPU.Build.0 = Debug|Any CPU
		{80ABDF90-D0E5-4C95-82A2-27C3C28C9BC9}.Release|Any CPU.ActiveCfg = Release|Any CPU
		{80ABDF90-D0E5-4C95-82A2-27C3C28C9BC9}.Release|Any CPU.Build.0 = Release|Any CPU
		{1A7E9568-1014-49C5-ACE8-1A9A854D71DA}.Debug|Any CPU.ActiveCfg = Debug|Any CPU
		{1A7E9568-1014-49C5-ACE8-1A9A854D71DA}.Debug|Any CPU.Build.0 = Debug|Any CPU
		{1A7E9568-1014-49C5-ACE8-1A9A854D71DA}.Release|Any CPU.ActiveCfg = Release|Any CPU
		{1A7E9568-1014-49C5-ACE8-1A9A854D71DA}.Release|Any CPU.Build.0 = Release|Any CPU
		{DE0C8B27-F0DD-42E7-AD14-1B86588EEA83}.Debug|Any CPU.ActiveCfg = Debug|Any CPU
		{DE0C8B27-F0DD-42E7-AD14-1B86588EEA83}.Debug|Any CPU.Build.0 = Debug|Any CPU
		{DE0C8B27-F0DD-42E7-AD14-1B86588EEA83}.Release|Any CPU.ActiveCfg = Release|Any CPU
		{DE0C8B27-F0DD-42E7-AD14-1B86588EEA83}.Release|Any CPU.Build.0 = Release|Any CPU
		{1AE993F9-CFD3-4EE4-8D58-E497C673B4BD}.Debug|Any CPU.ActiveCfg = Debug|Any CPU
		{1AE993F9-CFD3-4EE4-8D58-E497C673B4BD}.Debug|Any CPU.Build.0 = Debug|Any CPU
		{1AE993F9-CFD3-4EE4-8D58-E497C673B4BD}.Release|Any CPU.ActiveCfg = Release|Any CPU
		{1AE993F9-CFD3-4EE4-8D58-E497C673B4BD}.Release|Any CPU.Build.0 = Release|Any CPU
		{132FCAB0-E8A4-4E68-B550-2BBA6A80A12F}.Debug|Any CPU.ActiveCfg = Debug|Any CPU
		{132FCAB0-E8A4-4E68-B550-2BBA6A80A12F}.Debug|Any CPU.Build.0 = Debug|Any CPU
		{132FCAB0-E8A4-4E68-B550-2BBA6A80A12F}.Release|Any CPU.ActiveCfg = Release|Any CPU
		{132FCAB0-E8A4-4E68-B550-2BBA6A80A12F}.Release|Any CPU.Build.0 = Release|Any CPU
	EndGlobalSection
	GlobalSection(SolutionProperties) = preSolution
		HideSolutionNode = FALSE
	EndGlobalSection
	GlobalSection(NestedProjects) = preSolution
		{D8B6702A-D39E-48E0-90DF-DB13D41FCFE5} = {02EA681E-C7D8-13C7-8484-4AC65E1B71E8}
		{FACF8830-8C63-4E8C-BCAB-5DC1E3230F16} = {02EA681E-C7D8-13C7-8484-4AC65E1B71E8}
		{27C6F991-3C24-41E2-ADB1-6F66AE8AAD5F} = {02EA681E-C7D8-13C7-8484-4AC65E1B71E8}
		{A217CA50-F904-459D-A7B6-411A144910D6} = {64800A56-59DA-4EC7-A1BF-C2B74A88200B}
		{2DFD9AAC-0616-4360-9AC0-A10252703F32} = {64800A56-59DA-4EC7-A1BF-C2B74A88200B}
		{7ED3F0B1-5538-43C2-9099-5E742DBA1748} = {64800A56-59DA-4EC7-A1BF-C2B74A88200B}
		{0E91BF80-5FB5-4393-8199-EDC8CF48A907} = {A899ED78-AEE4-4463-8CF7-659B744D6021}
		{ADF7554C-BB80-4779-90EC-6CF5EF3A0119} = {A899ED78-AEE4-4463-8CF7-659B744D6021}
		{0F83D016-4F6E-4384-B688-DE14EFD61B33} = {A899ED78-AEE4-4463-8CF7-659B744D6021}
		{EDCCCEBB-1A48-41FD-AEB2-5D963631831C} = {2AE70CBB-8238-43B2-865D-F47670BB0857}
		{B008A671-E480-4401-AF82-D63A600BA670} = {2AE70CBB-8238-43B2-865D-F47670BB0857}
		{E598788F-1BB6-4581-87E9-8498FD7CCCC7} = {2AE70CBB-8238-43B2-865D-F47670BB0857}
		{41E31123-6E32-4347-908C-A00FF8E820F6} = {B91D030D-194F-420F-8285-D77F9A794B1C}
		{5708A72D-5587-4182-AE47-06929355ACD3} = {B91D030D-194F-420F-8285-D77F9A794B1C}
		{96AF7D14-DF5C-4D4E-917D-BE79D558C50B} = {B91D030D-194F-420F-8285-D77F9A794B1C}
		{E42D7366-AD38-42EA-AF09-8EB46B80C8D4} = {BBA4506E-A6F8-467F-9922-CC38F015E90D}
		{8EDB3791-5984-4E5D-A292-DB02EF29100E} = {BBA4506E-A6F8-467F-9922-CC38F015E90D}
		{406E017A-EE90-4E9C-8FBA-ED4390F0B757} = {BBA4506E-A6F8-467F-9922-CC38F015E90D}
		{0AC8812F-060F-4618-9CC4-C595DAE68629} = {C4CA9F1F-92B0-40DB-AA02-7C503A4AC739}
		{80ABDF90-D0E5-4C95-82A2-27C3C28C9BC9} = {C4CA9F1F-92B0-40DB-AA02-7C503A4AC739}
		{1A7E9568-1014-49C5-ACE8-1A9A854D71DA} = {C4CA9F1F-92B0-40DB-AA02-7C503A4AC739}
		{DE0C8B27-F0DD-42E7-AD14-1B86588EEA83} = {8974D72A-7786-4185-B07F-40A7EFEB8509}
		{1AE993F9-CFD3-4EE4-8D58-E497C673B4BD} = {8974D72A-7786-4185-B07F-40A7EFEB8509}
		{132FCAB0-E8A4-4E68-B550-2BBA6A80A12F} = {8974D72A-7786-4185-B07F-40A7EFEB8509}
	EndGlobalSection
	GlobalSection(ExtensibilityGlobals) = postSolution
		SolutionGuid = {D7365446-06AE-41EC-9A7E-6182ED87F7DA}
	EndGlobalSection
EndGlobal
